
Microsoft Visual Studio Solution File, Format Version 12.00
# Visual Studio 2013
VisualStudioVersion = 12.0.30723.0
MinimumVisualStudioVersion = 10.0.40219.1
Project("{2150E333-8FDC-42A3-9474-1A3956D46DE8}") = "Get Forecast", "Get Forecast", "{EA30C91B-BE28-4652-8213-0B26168526E0}"
EndProject
Project("{D954291E-2A0B-460D-934E-DC6B0785DB48}") = "Get Forecast.Shared", "Get Forecast\Get Forecast.Shared\Get Forecast.Shared.shproj", "{81C511B7-7B8F-4D9B-99C7-20030EE9BF4D}"
EndProject
Project("{FAE04EC0-301F-11D3-BF4B-00C04F79EFBC}") = "Get Forecast.Windows", "Get Forecast\Get Forecast.Windows\Get Forecast.Windows.csproj", "{58CDC32A-82EB-4CFD-87BB-D809B1807607}"
EndProject
Project("{FAE04EC0-301F-11D3-BF4B-00C04F79EFBC}") = "Get Forecast.WindowsPhone", "Get Forecast\Get Forecast.WindowsPhone\Get Forecast.WindowsPhone.csproj", "{AD0A3EE5-0986-46C8-ABB7-F79D127A604C}"
EndProject
Global
	GlobalSection(SharedMSBuildProjectFiles) = preSolution
		Get Forecast\Get Forecast.Shared\Get Forecast.Shared.projitems*{81c511b7-7b8f-4d9b-99c7-20030ee9bf4d}*SharedItemsImports = 13
		Get Forecast\Get Forecast.Shared\Get Forecast.Shared.projitems*{58cdc32a-82eb-4cfd-87bb-d809b1807607}*SharedItemsImports = 4
		Get Forecast\Get Forecast.Shared\Get Forecast.Shared.projitems*{ad0a3ee5-0986-46c8-abb7-f79d127a604c}*SharedItemsImports = 4
	EndGlobalSection
	GlobalSection(SolutionConfigurationPlatforms) = preSolution
		Debug|Any CPU = Debug|Any CPU
		Debug|ARM = Debug|ARM
		Debug|x64 = Debug|x64
		Debug|x86 = Debug|x86
		Release|Any CPU = Release|Any CPU
		Release|ARM = Release|ARM
		Release|x64 = Release|x64
		Release|x86 = Release|x86
	EndGlobalSection
	GlobalSection(ProjectConfigurationPlatforms) = postSolution
		{58CDC32A-82EB-4CFD-87BB-D809B1807607}.Debug|Any CPU.ActiveCfg = Debug|Any CPU
		{58CDC32A-82EB-4CFD-87BB-D809B1807607}.Debug|Any CPU.Build.0 = Debug|Any CPU
		{58CDC32A-82EB-4CFD-87BB-D809B1807607}.Debug|Any CPU.Deploy.0 = Debug|Any CPU
		{58CDC32A-82EB-4CFD-87BB-D809B1807607}.Debug|ARM.ActiveCfg = Debug|ARM
		{58CDC32A-82EB-4CFD-87BB-D809B1807607}.Debug|ARM.Build.0 = Debug|ARM
		{58CDC32A-82EB-4CFD-87BB-D809B1807607}.Debug|ARM.Deploy.0 = Debug|ARM
		{58CDC32A-82EB-4CFD-87BB-D809B1807607}.Debug|x64.ActiveCfg = Debug|x64
		{58CDC32A-82EB-4CFD-87BB-D809B1807607}.Debug|x64.Build.0 = Debug|x64
		{58CDC32A-82EB-4CFD-87BB-D809B1807607}.Debug|x64.Deploy.0 = Debug|x64
		{58CDC32A-82EB-4CFD-87BB-D809B1807607}.Debug|x86.ActiveCfg = Debug|x86
		{58CDC32A-82EB-4CFD-87BB-D809B1807607}.Debug|x86.Build.0 = Debug|x86
		{58CDC32A-82EB-4CFD-87BB-D809B1807607}.Debug|x86.Deploy.0 = Debug|x86
		{58CDC32A-82EB-4CFD-87BB-D809B1807607}.Release|Any CPU.ActiveCfg = Release|Any CPU
		{58CDC32A-82EB-4CFD-87BB-D809B1807607}.Release|Any CPU.Build.0 = Release|Any CPU
		{58CDC32A-82EB-4CFD-87BB-D809B1807607}.Release|Any CPU.Deploy.0 = Release|Any CPU
		{58CDC32A-82EB-4CFD-87BB-D809B1807607}.Release|ARM.ActiveCfg = Release|ARM
		{58CDC32A-82EB-4CFD-87BB-D809B1807607}.Release|ARM.Build.0 = Release|ARM
		{58CDC32A-82EB-4CFD-87BB-D809B1807607}.Release|ARM.Deploy.0 = Release|ARM
		{58CDC32A-82EB-4CFD-87BB-D809B1807607}.Release|x64.ActiveCfg = Release|x64
		{58CDC32A-82EB-4CFD-87BB-D809B1807607}.Release|x64.Build.0 = Release|x64
		{58CDC32A-82EB-4CFD-87BB-D809B1807607}.Release|x64.Deploy.0 = Release|x64
		{58CDC32A-82EB-4CFD-87BB-D809B1807607}.Release|x86.ActiveCfg = Release|x86
		{58CDC32A-82EB-4CFD-87BB-D809B1807607}.Release|x86.Build.0 = Release|x86
		{58CDC32A-82EB-4CFD-87BB-D809B1807607}.Release|x86.Deploy.0 = Release|x86
		{AD0A3EE5-0986-46C8-ABB7-F79D127A604C}.Debug|Any CPU.ActiveCfg = Debug|Any CPU
		{AD0A3EE5-0986-46C8-ABB7-F79D127A604C}.Debug|Any CPU.Build.0 = Debug|Any CPU
		{AD0A3EE5-0986-46C8-ABB7-F79D127A604C}.Debug|Any CPU.Deploy.0 = Debug|Any CPU
		{AD0A3EE5-0986-46C8-ABB7-F79D127A604C}.Debug|ARM.ActiveCfg = Debug|ARM
		{AD0A3EE5-0986-46C8-ABB7-F79D127A604C}.Debug|ARM.Build.0 = Debug|ARM
		{AD0A3EE5-0986-46C8-ABB7-F79D127A604C}.Debug|ARM.Deploy.0 = Debug|ARM
		{AD0A3EE5-0986-46C8-ABB7-F79D127A604C}.Debug|x64.ActiveCfg = Debug|Any CPU
		{AD0A3EE5-0986-46C8-ABB7-F79D127A604C}.Debug|x86.ActiveCfg = Debug|x86
		{AD0A3EE5-0986-46C8-ABB7-F79D127A604C}.Debug|x86.Build.0 = Debug|x86
		{AD0A3EE5-0986-46C8-ABB7-F79D127A604C}.Debug|x86.Deploy.0 = Debug|x86
		{AD0A3EE5-0986-46C8-ABB7-F79D127A604C}.Release|Any CPU.ActiveCfg = Release|Any CPU
		{AD0A3EE5-0986-46C8-ABB7-F79D127A604C}.Release|Any CPU.Build.0 = Release|Any CPU
		{AD0A3EE5-0986-46C8-ABB7-F79D127A604C}.Release|Any CPU.Deploy.0 = Release|Any CPU
		{AD0A3EE5-0986-46C8-ABB7-F79D127A604C}.Release|ARM.ActiveCfg = Release|ARM
		{AD0A3EE5-0986-46C8-ABB7-F79D127A604C}.Release|ARM.Build.0 = Release|ARM
		{AD0A3EE5-0986-46C8-ABB7-F79D127A604C}.Release|ARM.Deploy.0 = Release|ARM
		{AD0A3EE5-0986-46C8-ABB7-F79D127A604C}.Release|x64.ActiveCfg = Release|Any CPU
		{AD0A3EE5-0986-46C8-ABB7-F79D127A604C}.Release|x86.ActiveCfg = Release|x86
		{AD0A3EE5-0986-46C8-ABB7-F79D127A604C}.Release|x86.Build.0 = Release|x86
		{AD0A3EE5-0986-46C8-ABB7-F79D127A604C}.Release|x86.Deploy.0 = Release|x86
	EndGlobalSection
	GlobalSection(SolutionProperties) = preSolution
		HideSolutionNode = FALSE
	EndGlobalSection
	GlobalSection(NestedProjects) = preSolution
		{81C511B7-7B8F-4D9B-99C7-20030EE9BF4D} = {EA30C91B-BE28-4652-8213-0B26168526E0}
		{58CDC32A-82EB-4CFD-87BB-D809B1807607} = {EA30C91B-BE28-4652-8213-0B26168526E0}
		{AD0A3EE5-0986-46C8-ABB7-F79D127A604C} = {EA30C91B-BE28-4652-8213-0B26168526E0}
	EndGlobalSection
EndGlobal
